
Microsoft Visual Studio Solution File, Format Version 12.00
# Visual Studio Version 17
VisualStudioVersion = 17.14.36408.4 d17.14
MinimumVisualStudioVersion = 10.0.40219.1
Project("{9A19103F-16F7-4668-BE54-9A1E7A4F7556}") = "FxEngine", "FxEngine\FxEngine.csproj", "{071CAF30-632D-4C37-A6E4-4F1BCEDB0C5E}"
EndProject
Global
	GlobalSection(SolutionConfigurationPlatforms) = preSolution
		Debug|Any CPU = Debug|Any CPU
		Release|Any CPU = Release|Any CPU
	EndGlobalSection
	GlobalSection(ProjectConfigurationPlatforms) = postSolution
		{071CAF30-632D-4C37-A6E4-4F1BCEDB0C5E}.Debug|Any CPU.ActiveCfg = Debug|Any CPU
		{071CAF30-632D-4C37-A6E4-4F1BCEDB0C5E}.Debug|Any CPU.Build.0 = Debug|Any CPU
		{071CAF30-632D-4C37-A6E4-4F1BCEDB0C5E}.Release|Any CPU.ActiveCfg = Release|Any CPU
		{071CAF30-632D-4C37-A6E4-4F1BCEDB0C5E}.Release|Any CPU.Build.0 = Release|Any CPU
	EndGlobalSection
	GlobalSection(SolutionProperties) = preSolution
		HideSolutionNode = FALSE
	EndGlobalSection
	GlobalSection(ExtensibilityGlobals) = postSolution
		SolutionGuid = {E717736B-F141-48CD-9003-6EA575D4B8D2}
	EndGlobalSection
EndGlobal
